
Microsoft Visual Studio Solution File, Format Version 12.00
# Visual Studio Version 16
VisualStudioVersion = 16.0.30413.136
MinimumVisualStudioVersion = 10.0.40219.1
Project("{FAE04EC0-301F-11D3-BF4B-00C04F79EFBC}") = "PRAC1", "PRAC1\PRAC1.csproj", "{CF9172CE-296B-427F-8928-A3B82FDD9E47}"
EndProject
Global
	GlobalSection(SolutionConfigurationPlatforms) = preSolution
		Debug|Any CPU = Debug|Any CPU
		Release|Any CPU = Release|Any CPU
	EndGlobalSection
	GlobalSection(ProjectConfigurationPlatforms) = postSolution
		{CF9172CE-296B-427F-8928-A3B82FDD9E47}.Debug|Any CPU.ActiveCfg = Debug|Any CPU
		{CF9172CE-296B-427F-8928-A3B82FDD9E47}.Debug|Any CPU.Build.0 = Debug|Any CPU
		{CF9172CE-296B-427F-8928-A3B82FDD9E47}.Release|Any CPU.ActiveCfg = Release|Any CPU
		{CF9172CE-296B-427F-8928-A3B82FDD9E47}.Release|Any CPU.Build.0 = Release|Any CPU
	EndGlobalSection
	GlobalSection(SolutionProperties) = preSolution
		HideSolutionNode = FALSE
	EndGlobalSection
	GlobalSection(ExtensibilityGlobals) = postSolution
		SolutionGuid = {C3DEBCDB-2E0F-43E6-99CF-F421990E9157}
	EndGlobalSection
EndGlobal
